
Microsoft Visual Studio Solution File, Format Version 12.00
# Visual Studio Version 17
VisualStudioVersion = 17.11.35303.130
MinimumVisualStudioVersion = 10.0.40219.1
Project("{FAE04EC0-301F-11D3-BF4B-00C04F79EFBC}") = "Halloween2024", "Halloween2024\Halloween2024.csproj", "{4BDAA5C4-2908-4838-8F29-4B165499BED5}"
EndProject
Global
	GlobalSection(SolutionConfigurationPlatforms) = preSolution
		Debug|Any CPU = Debug|Any CPU
		Release|Any CPU = Release|Any CPU
	EndGlobalSection
	GlobalSection(ProjectConfigurationPlatforms) = postSolution
		{4BDAA5C4-2908-4838-8F29-4B165499BED5}.Debug|Any CPU.ActiveCfg = Debug|Any CPU
		{4BDAA5C4-2908-4838-8F29-4B165499BED5}.Debug|Any CPU.Build.0 = Debug|Any CPU
		{4BDAA5C4-2908-4838-8F29-4B165499BED5}.Release|Any CPU.ActiveCfg = Release|Any CPU
		{4BDAA5C4-2908-4838-8F29-4B165499BED5}.Release|Any CPU.Build.0 = Release|Any CPU
	EndGlobalSection
	GlobalSection(SolutionProperties) = preSolution
		HideSolutionNode = FALSE
	EndGlobalSection
	GlobalSection(ExtensibilityGlobals) = postSolution
		SolutionGuid = {4CC9DE77-1A13-4F7C-BA9A-7330FD1F5AD1}
	EndGlobalSection
EndGlobal
